
Microsoft Visual Studio Solution File, Format Version 12.00
# Visual Studio Version 16
VisualStudioVersion = 16.0.32510.428
MinimumVisualStudioVersion = 10.0.40219.1
Project("{FAE04EC0-301F-11D3-BF4B-00C04F79EFBC}") = "MagicProject", "MagicProject\MagicProject.csproj", "{5B61A369-64FD-40E2-B121-C083B35E11AD}"
EndProject
Global
	GlobalSection(SolutionConfigurationPlatforms) = preSolution
		Debug|Any CPU = Debug|Any CPU
		Release|Any CPU = Release|Any CPU
	EndGlobalSection
	GlobalSection(ProjectConfigurationPlatforms) = postSolution
		{5B61A369-64FD-40E2-B121-C083B35E11AD}.Debug|Any CPU.ActiveCfg = Debug|Any CPU
		{5B61A369-64FD-40E2-B121-C083B35E11AD}.Debug|Any CPU.Build.0 = Debug|Any CPU
		{5B61A369-64FD-40E2-B121-C083B35E11AD}.Release|Any CPU.ActiveCfg = Release|Any CPU
		{5B61A369-64FD-40E2-B121-C083B35E11AD}.Release|Any CPU.Build.0 = Release|Any CPU
	EndGlobalSection
	GlobalSection(SolutionProperties) = preSolution
		HideSolutionNode = FALSE
	EndGlobalSection
	GlobalSection(ExtensibilityGlobals) = postSolution
		SolutionGuid = {34A02227-C6AE-49A2-AFD0-D97C5AADE79F}
	EndGlobalSection
EndGlobal
